
Microsoft Visual Studio Solution File, Format Version 12.00
# Visual Studio Version 17
VisualStudioVersion = 17.4.33103.184
MinimumVisualStudioVersion = 10.0.40219.1
Project("{FAE04EC0-301F-11D3-BF4B-00C04F79EFBC}") = "DotNet7APIYT", "DotNet7APIYT\DotNet7APIYT.csproj", "{DBE6EC4D-C7DE-480F-BBA2-9D13624A582A}"
EndProject
Global
	GlobalSection(SolutionConfigurationPlatforms) = preSolution
		Debug|Any CPU = Debug|Any CPU
		Release|Any CPU = Release|Any CPU
	EndGlobalSection
	GlobalSection(ProjectConfigurationPlatforms) = postSolution
		{DBE6EC4D-C7DE-480F-BBA2-9D13624A582A}.Debug|Any CPU.ActiveCfg = Debug|Any CPU
		{DBE6EC4D-C7DE-480F-BBA2-9D13624A582A}.Debug|Any CPU.Build.0 = Debug|Any CPU
		{DBE6EC4D-C7DE-480F-BBA2-9D13624A582A}.Release|Any CPU.ActiveCfg = Release|Any CPU
		{DBE6EC4D-C7DE-480F-BBA2-9D13624A582A}.Release|Any CPU.Build.0 = Release|Any CPU
	EndGlobalSection
	GlobalSection(SolutionProperties) = preSolution
		HideSolutionNode = FALSE
	EndGlobalSection
	GlobalSection(ExtensibilityGlobals) = postSolution
		SolutionGuid = {54EA2869-E279-4750-A95F-1BBF2895830A}
	EndGlobalSection
EndGlobal
